
Microsoft Visual Studio Solution File, Format Version 12.00
# Visual Studio Version 17
VisualStudioVersion = 17.0.31903.59
MinimumVisualStudioVersion = 10.0.40219.1
Project("{2150E333-8FDC-42A3-9474-1A3956D46DE8}") = "src", "src", "{827E0CD3-B72D-47B6-A68D-7590B98EB39B}"
EndProject
Project("{FAE04EC0-301F-11D3-BF4B-00C04F79EFBC}") = "ViewPrism2.Core", "src\ViewPrism2.Core\ViewPrism2.Core.csproj", "{AE115A1D-6013-4BD9-A699-62A059382553}"
EndProject
Project("{FAE04EC0-301F-11D3-BF4B-00C04F79EFBC}") = "ViewPrism2.Infrastructure", "src\ViewPrism2.Infrastructure\ViewPrism2.Infrastructure.csproj", "{C5577983-D805-4746-A19E-1F4ABD4E62D8}"
EndProject
Project("{FAE04EC0-301F-11D3-BF4B-00C04F79EFBC}") = "ViewPrism2.App", "src\ViewPrism2.App\ViewPrism2.App.csproj", "{32D3E7E7-A4C4-4942-A354-3A8E60C874AB}"
EndProject
Project("{2150E333-8FDC-42A3-9474-1A3956D46DE8}") = "tests", "tests", "{0AB3BF05-4346-4AA6-1389-037BE0695223}"
EndProject
Project("{FAE04EC0-301F-11D3-BF4B-00C04F79EFBC}") = "ViewPrism2.Tests", "tests\ViewPrism2.Tests\ViewPrism2.Tests.csproj", "{8A8D1D24-5F7F-4296-9DE9-1686EE306AD1}"
EndProject
Project("{FAE04EC0-301F-11D3-BF4B-00C04F79EFBC}") = "ViewPrism2.Oracle", "tests\ViewPrism2.Oracle\ViewPrism2.Oracle.csproj", "{51072965-A189-49D0-99A5-54056ABAD6BF}"
EndProject
Project("{FAE04EC0-301F-11D3-BF4B-00C04F79EFBC}") = "ViewPrism2.GoldenHarness", "tests\ViewPrism2.GoldenHarness\ViewPrism2.GoldenHarness.csproj", "{BAF9BEDE-8172-430F-91A0-F8137DFC2908}"
EndProject
Project("{2150E333-8FDC-42A3-9474-1A3956D46DE8}") = "tools", "tools", "{07C2787E-EAC7-C090-1BA3-A61EC2A24D84}"
EndProject
Project("{FAE04EC0-301F-11D3-BF4B-00C04F79EFBC}") = "ViewPrism2.CaptureHarness", "tools\ViewPrism2.CaptureHarness\ViewPrism2.CaptureHarness.csproj", "{155086AE-C3F6-45D0-ADD7-1929FBAD959C}"
EndProject
Global
	GlobalSection(SolutionConfigurationPlatforms) = preSolution
		Debug|Any CPU = Debug|Any CPU
		Debug|x64 = Debug|x64
		Debug|x86 = Debug|x86
		Release|Any CPU = Release|Any CPU
		Release|x64 = Release|x64
		Release|x86 = Release|x86
	EndGlobalSection
	GlobalSection(ProjectConfigurationPlatforms) = postSolution
		{AE115A1D-6013-4BD9-A699-62A059382553}.Debug|Any CPU.ActiveCfg = Debug|Any CPU
		{AE115A1D-6013-4BD9-A699-62A059382553}.Debug|Any CPU.Build.0 = Debug|Any CPU
		{AE115A1D-6013-4BD9-A699-62A059382553}.Debug|x64.ActiveCfg = Debug|Any CPU
		{AE115A1D-6013-4BD9-A699-62A059382553}.Debug|x64.Build.0 = Debug|Any CPU
		{AE115A1D-6013-4BD9-A699-62A059382553}.Debug|x86.ActiveCfg = Debug|Any CPU
		{AE115A1D-6013-4BD9-A699-62A059382553}.Debug|x86.Build.0 = Debug|Any CPU
		{AE115A1D-6013-4BD9-A699-62A059382553}.Release|Any CPU.ActiveCfg = Release|Any CPU
		{AE115A1D-6013-4BD9-A699-62A059382553}.Release|Any CPU.Build.0 = Release|Any CPU
		{AE115A1D-6013-4BD9-A699-62A059382553}.Release|x64.ActiveCfg = Release|Any CPU
		{AE115A1D-6013-4BD9-A699-62A059382553}.Release|x64.Build.0 = Release|Any CPU
		{AE115A1D-6013-4BD9-A699-62A059382553}.Release|x86.ActiveCfg = Release|Any CPU
		{AE115A1D-6013-4BD9-A699-62A059382553}.Release|x86.Build.0 = Release|Any CPU
		{C5577983-D805-4746-A19E-1F4ABD4E62D8}.Debug|Any CPU.ActiveCfg = Debug|Any CPU
		{C5577983-D805-4746-A19E-1F4ABD4E62D8}.Debug|Any CPU.Build.0 = Debug|Any CPU
		{C5577983-D805-4746-A19E-1F4ABD4E62D8}.Debug|x64.ActiveCfg = Debug|Any CPU
		{C5577983-D805-4746-A19E-1F4ABD4E62D8}.Debug|x64.Build.0 = Debug|Any CPU
		{C5577983-D805-4746-A19E-1F4ABD4E62D8}.Debug|x86.ActiveCfg = Debug|Any CPU
		{C5577983-D805-4746-A19E-1F4ABD4E62D8}.Debug|x86.Build.0 = Debug|Any CPU
		{C5577983-D805-4746-A19E-1F4ABD4E62D8}.Release|Any CPU.ActiveCfg = Release|Any CPU
		{C5577983-D805-4746-A19E-1F4ABD4E62D8}.Release|Any CPU.Build.0 = Release|Any CPU
		{C5577983-D805-4746-A19E-1F4ABD4E62D8}.Release|x64.ActiveCfg = Release|Any CPU
		{C5577983-D805-4746-A19E-1F4ABD4E62D8}.Release|x64.Build.0 = Release|Any CPU
		{C5577983-D805-4746-A19E-1F4ABD4E62D8}.Release|x86.ActiveCfg = Release|Any CPU
		{C5577983-D805-4746-A19E-1F4ABD4E62D8}.Release|x86.Build.0 = Release|Any CPU
		{32D3E7E7-A4C4-4942-A354-3A8E60C874AB}.Debug|Any CPU.ActiveCfg = Debug|Any CPU
		{32D3E7E7-A4C4-4942-A354-3A8E60C874AB}.Debug|Any CPU.Build.0 = Debug|Any CPU
		{32D3E7E7-A4C4-4942-A354-3A8E60C874AB}.Debug|x64.ActiveCfg = Debug|Any CPU
		{32D3E7E7-A4C4-4942-A354-3A8E60C874AB}.Debug|x64.Build.0 = Debug|Any CPU
		{32D3E7E7-A4C4-4942-A354-3A8E60C874AB}.Debug|x86.ActiveCfg = Debug|Any CPU
		{32D3E7E7-A4C4-4942-A354-3A8E60C874AB}.Debug|x86.Build.0 = Debug|Any CPU
		{32D3E7E7-A4C4-4942-A354-3A8E60C874AB}.Release|Any CPU.ActiveCfg = Release|Any CPU
		{32D3E7E7-A4C4-4942-A354-3A8E60C874AB}.Release|Any CPU.Build.0 = Release|Any CPU
		{32D3E7E7-A4C4-4942-A354-3A8E60C874AB}.Release|x64.ActiveCfg = Release|Any CPU
		{32D3E7E7-A4C4-4942-A354-3A8E60C874AB}.Release|x64.Build.0 = Release|Any CPU
		{32D3E7E7-A4C4-4942-A354-3A8E60C874AB}.Release|x86.ActiveCfg = Release|Any CPU
		{32D3E7E7-A4C4-4942-A354-3A8E60C874AB}.Release|x86.Build.0 = Release|Any CPU
		{8A8D1D24-5F7F-4296-9DE9-1686EE306AD1}.Debug|Any CPU.ActiveCfg = Debug|Any CPU
		{8A8D1D24-5F7F-4296-9DE9-1686EE306AD1}.Debug|Any CPU.Build.0 = Debug|Any CPU
		{8A8D1D24-5F7F-4296-9DE9-1686EE306AD1}.Debug|x64.ActiveCfg = Debug|Any CPU
		{8A8D1D24-5F7F-4296-9DE9-1686EE306AD1}.Debug|x64.Build.0 = Debug|Any CPU
		{8A8D1D24-5F7F-4296-9DE9-1686EE306AD1}.Debug|x86.ActiveCfg = Debug|Any CPU
		{8A8D1D24-5F7F-4296-9DE9-1686EE306AD1}.Debug|x86.Build.0 = Debug|Any CPU
		{8A8D1D24-5F7F-4296-9DE9-1686EE306AD1}.Release|Any CPU.ActiveCfg = Release|Any CPU
		{8A8D1D24-5F7F-4296-9DE9-1686EE306AD1}.Release|Any CPU.Build.0 = Release|Any CPU
		{8A8D1D24-5F7F-4296-9DE9-1686EE306AD1}.Release|x64.ActiveCfg = Release|Any CPU
		{8A8D1D24-5F7F-4296-9DE9-1686EE306AD1}.Release|x64.Build.0 = Release|Any CPU
		{8A8D1D24-5F7F-4296-9DE9-1686EE306AD1}.Release|x86.ActiveCfg = Release|Any CPU
		{8A8D1D24-5F7F-4296-9DE9-1686EE306AD1}.Release|x86.Build.0 = Release|Any CPU
		{51072965-A189-49D0-99A5-54056ABAD6BF}.Debug|Any CPU.ActiveCfg = Debug|Any CPU
		{51072965-A189-49D0-99A5-54056ABAD6BF}.Debug|Any CPU.Build.0 = Debug|Any CPU
		{51072965-A189-49D0-99A5-54056ABAD6BF}.Debug|x64.ActiveCfg = Debug|Any CPU
		{51072965-A189-49D0-99A5-54056ABAD6BF}.Debug|x64.Build.0 = Debug|Any CPU
		{51072965-A189-49D0-99A5-54056ABAD6BF}.Debug|x86.ActiveCfg = Debug|Any CPU
		{51072965-A189-49D0-99A5-54056ABAD6BF}.Debug|x86.Build.0 = Debug|Any CPU
		{51072965-A189-49D0-99A5-54056ABAD6BF}.Release|Any CPU.ActiveCfg = Release|Any CPU
		{51072965-A189-49D0-99A5-54056ABAD6BF}.Release|Any CPU.Build.0 = Release|Any CPU
		{51072965-A189-49D0-99A5-54056ABAD6BF}.Release|x64.ActiveCfg = Release|Any CPU
		{51072965-A189-49D0-99A5-54056ABAD6BF}.Release|x64.Build.0 = Release|Any CPU
		{51072965-A189-49D0-99A5-54056ABAD6BF}.Release|x86.ActiveCfg = Release|Any CPU
		{51072965-A189-49D0-99A5-54056ABAD6BF}.Release|x86.Build.0 = Release|Any CPU
		{BAF9BEDE-8172-430F-91A0-F8137DFC2908}.Debug|Any CPU.ActiveCfg = Debug|Any CPU
		{BAF9BEDE-8172-430F-91A0-F8137DFC2908}.Debug|Any CPU.Build.0 = Debug|Any CPU
		{BAF9BEDE-8172-430F-91A0-F8137DFC2908}.Debug|x64.ActiveCfg = Debug|Any CPU
		{BAF9BEDE-8172-430F-91A0-F8137DFC2908}.Debug|x64.Build.0 = Debug|Any CPU
		{BAF9BEDE-8172-430F-91A0-F8137DFC2908}.Debug|x86.ActiveCfg = Debug|Any CPU
		{BAF9BEDE-8172-430F-91A0-F8137DFC2908}.Debug|x86.Build.0 = Debug|Any CPU
		{BAF9BEDE-8172-430F-91A0-F8137DFC2908}.Release|Any CPU.ActiveCfg = Release|Any CPU
		{BAF9BEDE-8172-430F-91A0-F8137DFC2908}.Release|Any CPU.Build.0 = Release|Any CPU
		{BAF9BEDE-8172-430F-91A0-F8137DFC2908}.Release|x64.ActiveCfg = Release|Any CPU
		{BAF9BEDE-8172-430F-91A0-F8137DFC2908}.Release|x64.Build.0 = Release|Any CPU
		{BAF9BEDE-8172-430F-91A0-F8137DFC2908}.Release|x86.ActiveCfg = Release|Any CPU
		{BAF9BEDE-8172-430F-91A0-F8137DFC2908}.Release|x86.Build.0 = Release|Any CPU
		{155086AE-C3F6-45D0-ADD7-1929FBAD959C}.Debug|Any CPU.ActiveCfg = Debug|Any CPU
		{155086AE-C3F6-45D0-ADD7-1929FBAD959C}.Debug|Any CPU.Build.0 = Debug|Any CPU
		{155086AE-C3F6-45D0-ADD7-1929FBAD959C}.Debug|x64.ActiveCfg = Debug|Any CPU
		{155086AE-C3F6-45D0-ADD7-1929FBAD959C}.Debug|x64.Build.0 = Debug|Any CPU
		{155086AE-C3F6-45D0-ADD7-1929FBAD959C}.Debug|x86.ActiveCfg = Debug|Any CPU
		{155086AE-C3F6-45D0-ADD7-1929FBAD959C}.Debug|x86.Build.0 = Debug|Any CPU
		{155086AE-C3F6-45D0-ADD7-1929FBAD959C}.Release|Any CPU.ActiveCfg = Release|Any CPU
		{155086AE-C3F6-45D0-ADD7-1929FBAD959C}.Release|Any CPU.Build.0 = Release|Any CPU
		{155086AE-C3F6-45D0-ADD7-1929FBAD959C}.Release|x64.ActiveCfg = Release|Any CPU
		{155086AE-C3F6-45D0-ADD7-1929FBAD959C}.Release|x64.Build.0 = Release|Any CPU
		{155086AE-C3F6-45D0-ADD7-1929FBAD959C}.Release|x86.ActiveCfg = Release|Any CPU
		{155086AE-C3F6-45D0-ADD7-1929FBAD959C}.Release|x86.Build.0 = Release|Any CPU
	EndGlobalSection
	GlobalSection(SolutionProperties) = preSolution
		HideSolutionNode = FALSE
	EndGlobalSection
	GlobalSection(NestedProjects) = preSolution
		{AE115A1D-6013-4BD9-A699-62A059382553} = {827E0CD3-B72D-47B6-A68D-7590B98EB39B}
		{C5577983-D805-4746-A19E-1F4ABD4E62D8} = {827E0CD3-B72D-47B6-A68D-7590B98EB39B}
		{32D3E7E7-A4C4-4942-A354-3A8E60C874AB} = {827E0CD3-B72D-47B6-A68D-7590B98EB39B}
		{8A8D1D24-5F7F-4296-9DE9-1686EE306AD1} = {0AB3BF05-4346-4AA6-1389-037BE0695223}
		{51072965-A189-49D0-99A5-54056ABAD6BF} = {0AB3BF05-4346-4AA6-1389-037BE0695223}
		{BAF9BEDE-8172-430F-91A0-F8137DFC2908} = {0AB3BF05-4346-4AA6-1389-037BE0695223}
		{155086AE-C3F6-45D0-ADD7-1929FBAD959C} = {07C2787E-EAC7-C090-1BA3-A61EC2A24D84}
	EndGlobalSection
EndGlobal
